// !$*UTF8*$!
{
	archiveVersion = 1;
	classes = {
	};
	objectVersion = 51;
	objects = {

/* Begin PBXBuildFile section */
		636B4704EC6F19582C5DDF62 /* Pods_CashBackForceTestTask.framework in Frameworks */ = {isa = PBXBuildFile; fileRef = 0920775A39E4489F7F1238EB /* Pods_CashBackForceTestTask.framework */; };
		7B0BC72C25D6D7760034664D /* MainTableViewCell.swift in Sources */ = {isa = PBXBuildFile; fileRef = 7B0BC72B25D6D7760034664D /* MainTableViewCell.swift */; };
		7BE0D7FC25D6E6A700FFB73F /* NetworkDataFetcher.swift in Sources */ = {isa = PBXBuildFile; fileRef = 7BE0D7FB25D6E6A700FFB73F /* NetworkDataFetcher.swift */; };
		7BE0D80325D6E82D00FFB73F /* Resource.swift in Sources */ = {isa = PBXBuildFile; fileRef = 7BE0D80225D6E82D00FFB73F /* Resource.swift */; };
		7BE0D80625D6ED0C00FFB73F /* PhotoResponse.swift in Sources */ = {isa = PBXBuildFile; fileRef = 7BE0D80525D6ED0C00FFB73F /* PhotoResponse.swift */; };
		7BE0D80B25D6EE8300FFB73F /* PhotoViewModel.swift in Sources */ = {isa = PBXBuildFile; fileRef = 7BE0D80A25D6EE8300FFB73F /* PhotoViewModel.swift */; };
		7BE0D80E25D6EEF000FFB73F /* UIImageView+Extension.swift in Sources */ = {isa = PBXBuildFile; fileRef = 7BE0D80D25D6EEF000FFB73F /* UIImageView+Extension.swift */; };
		7BFFA69425D6A44400C35652 /* AppDelegate.swift in Sources */ = {isa = PBXBuildFile; fileRef = 7BFFA69325D6A44400C35652 /* AppDelegate.swift */; };
		7BFFA69625D6A44400C35652 /* SceneDelegate.swift in Sources */ = {isa = PBXBuildFile; fileRef = 7BFFA69525D6A44400C35652 /* SceneDelegate.swift */; };
		7BFFA69825D6A44400C35652 /* MainViewController.swift in Sources */ = {isa = PBXBuildFile; fileRef = 7BFFA69725D6A44400C35652 /* MainViewController.swift */; };
		7BFFA69B25D6A44400C35652 /* Main.storyboard in Resources */ = {isa = PBXBuildFile; fileRef = 7BFFA69925D6A44400C35652 /* Main.storyboard */; };
		7BFFA69E25D6A44400C35652 /* CashBackForceTestTask.xcdatamodeld in Sources */ = {isa = PBXBuildFile; fileRef = 7BFFA69C25D6A44400C35652 /* CashBackForceTestTask.xcdatamodeld */; };
		7BFFA6A025D6A44600C35652 /* Assets.xcassets in Resources */ = {isa = PBXBuildFile; fileRef = 7BFFA69F25D6A44600C35652 /* Assets.xcassets */; };
		7BFFA6A325D6A44600C35652 /* LaunchScreen.storyboard in Resources */ = {isa = PBXBuildFile; fileRef = 7BFFA6A125D6A44600C35652 /* LaunchScreen.storyboard */; };
		7BFFA6B725D6A57200C35652 /* MainPresenter.swift in Sources */ = {isa = PBXBuildFile; fileRef = 7BFFA6B625D6A57200C35652 /* MainPresenter.swift */; };
		7BFFA6BA25D6A5BB00C35652 /* MainConfigurator.swift in Sources */ = {isa = PBXBuildFile; fileRef = 7BFFA6B925D6A5BB00C35652 /* MainConfigurator.swift */; };
		7BFFA6BD25D6A69000C35652 /* MainInteractor.swift in Sources */ = {isa = PBXBuildFile; fileRef = 7BFFA6BC25D6A69000C35652 /* MainInteractor.swift */; };
		7BFFA6C125D6A88000C35652 /* MainRouter.swift in Sources */ = {isa = PBXBuildFile; fileRef = 7BFFA6C025D6A88000C35652 /* MainRouter.swift */; };
		7BFFA6C825D6BC3600C35652 /* DetailViewController.swift in Sources */ = {isa = PBXBuildFile; fileRef = 7BFFA6C725D6BC3600C35652 /* DetailViewController.swift */; };
		7BFFA6CC25D6BC4700C35652 /* DetailPresenter.swift in Sources */ = {isa = PBXBuildFile; fileRef = 7BFFA6CB25D6BC4700C35652 /* DetailPresenter.swift */; };
		7BFFA6CF25D6BC5A00C35652 /* DetailInteractor.swift in Sources */ = {isa = PBXBuildFile; fileRef = 7BFFA6CE25D6BC5A00C35652 /* DetailInteractor.swift */; };
		7BFFA6D225D6BC6900C35652 /* DetailRouter.swift in Sources */ = {isa = PBXBuildFile; fileRef = 7BFFA6D125D6BC6900C35652 /* DetailRouter.swift */; };
		7BFFA6D525D6BC8000C35652 /* DetailConfigurator.swift in Sources */ = {isa = PBXBuildFile; fileRef = 7BFFA6D425D6BC8000C35652 /* DetailConfigurator.swift */; };
/* End PBXBuildFile section */

/* Begin PBXFileReference section */
		0920775A39E4489F7F1238EB /* Pods_CashBackForceTestTask.framework */ = {isa = PBXFileReference; explicitFileType = wrapper.framework; includeInIndex = 0; path = Pods_CashBackForceTestTask.framework; sourceTree = BUILT_PRODUCTS_DIR; };
		7B0BC72B25D6D7760034664D /* MainTableViewCell.swift */ = {isa = PBXFileReference; lastKnownFileType = sourcecode.swift; path = MainTableViewCell.swift; sourceTree = "<group>"; };
		7BE0D7FB25D6E6A700FFB73F /* NetworkDataFetcher.swift */ = {isa = PBXFileReference; lastKnownFileType = sourcecode.swift; path = NetworkDataFetcher.swift; sourceTree = "<group>"; };
		7BE0D80225D6E82D00FFB73F /* Resource.swift */ = {isa = PBXFileReference; lastKnownFileType = sourcecode.swift; path = Resource.swift; sourceTree = "<group>"; };
		7BE0D80525D6ED0C00FFB73F /* PhotoResponse.swift */ = {isa = PBXFileReference; lastKnownFileType = sourcecode.swift; path = PhotoResponse.swift; sourceTree = "<group>"; };
		7BE0D80A25D6EE8300FFB73F /* PhotoViewModel.swift */ = {isa = PBXFileReference; lastKnownFileType = sourcecode.swift; path = PhotoViewModel.swift; sourceTree = "<group>"; };
		7BE0D80D25D6EEF000FFB73F /* UIImageView+Extension.swift */ = {isa = PBXFileReference; lastKnownFileType = sourcecode.swift; path = "UIImageView+Extension.swift"; sourceTree = "<group>"; };
		7BFFA69025D6A44400C35652 /* CashBackForceTestTask.app */ = {isa = PBXFileReference; explicitFileType = wrapper.application; includeInIndex = 0; path = CashBackForceTestTask.app; sourceTree = BUILT_PRODUCTS_DIR; };
		7BFFA69325D6A44400C35652 /* AppDelegate.swift */ = {isa = PBXFileReference; lastKnownFileType = sourcecode.swift; path = AppDelegate.swift; sourceTree = "<group>"; };
		7BFFA69525D6A44400C35652 /* SceneDelegate.swift */ = {isa = PBXFileReference; lastKnownFileType = sourcecode.swift; path = SceneDelegate.swift; sourceTree = "<group>"; };
		7BFFA69725D6A44400C35652 /* MainViewController.swift */ = {isa = PBXFileReference; lastKnownFileType = sourcecode.swift; path = MainViewController.swift; sourceTree = "<group>"; };
		7BFFA69A25D6A44400C35652 /* Base */ = {isa = PBXFileReference; lastKnownFileType = file.storyboard; name = Base; path = Base.lproj/Main.storyboard; sourceTree = "<group>"; };
		7BFFA69D25D6A44400C35652 /* CashBackForceTestTask.xcdatamodel */ = {isa = PBXFileReference; lastKnownFileType = wrapper.xcdatamodel; path = CashBackForceTestTask.xcdatamodel; sourceTree = "<group>"; };
		7BFFA69F25D6A44600C35652 /* Assets.xcassets */ = {isa = PBXFileReference; lastKnownFileType = folder.assetcatalog; path = Assets.xcassets; sourceTree = "<group>"; };
		7BFFA6A225D6A44600C35652 /* Base */ = {isa = PBXFileReference; lastKnownFileType = file.storyboard; name = Base; path = Base.lproj/LaunchScreen.storyboard; sourceTree = "<group>"; };
		7BFFA6A425D6A44600C35652 /* Info.plist */ = {isa = PBXFileReference; lastKnownFileType = text.plist.xml; path = Info.plist; sourceTree = "<group>"; };
		7BFFA6B625D6A57200C35652 /* MainPresenter.swift */ = {isa = PBXFileReference; lastKnownFileType = sourcecode.swift; path = MainPresenter.swift; sourceTree = "<group>"; };
		7BFFA6B925D6A5BB00C35652 /* MainConfigurator.swift */ = {isa = PBXFileReference; lastKnownFileType = sourcecode.swift; path = MainConfigurator.swift; sourceTree = "<group>"; };
		7BFFA6BC25D6A69000C35652 /* MainInteractor.swift */ = {isa = PBXFileReference; lastKnownFileType = sourcecode.swift; path = MainInteractor.swift; sourceTree = "<group>"; };
		7BFFA6C025D6A88000C35652 /* MainRouter.swift */ = {isa = PBXFileReference; lastKnownFileType = sourcecode.swift; path = MainRouter.swift; sourceTree = "<group>"; };
		7BFFA6C725D6BC3600C35652 /* DetailViewController.swift */ = {isa = PBXFileReference; lastKnownFileType = sourcecode.swift; path = DetailViewController.swift; sourceTree = "<group>"; };
		7BFFA6CB25D6BC4700C35652 /* DetailPresenter.swift */ = {isa = PBXFileReference; lastKnownFileType = sourcecode.swift; path = DetailPresenter.swift; sourceTree = "<group>"; };
		7BFFA6CE25D6BC5A00C35652 /* DetailInteractor.swift */ = {isa = PBXFileReference; lastKnownFileType = sourcecode.swift; path = DetailInteractor.swift; sourceTree = "<group>"; };
		7BFFA6D125D6BC6900C35652 /* DetailRouter.swift */ = {isa = PBXFileReference; lastKnownFileType = sourcecode.swift; path = DetailRouter.swift; sourceTree = "<group>"; };
		7BFFA6D425D6BC8000C35652 /* DetailConfigurator.swift */ = {isa = PBXFileReference; lastKnownFileType = sourcecode.swift; path = DetailConfigurator.swift; sourceTree = "<group>"; };
		9942A19A72FB1BBF9918740A /* Pods-CashBackForceTestTask.release.xcconfig */ = {isa = PBXFileReference; includeInIndex = 1; lastKnownFileType = text.xcconfig; name = "Pods-CashBackForceTestTask.release.xcconfig"; path = "Target Support Files/Pods-CashBackForceTestTask/Pods-CashBackForceTestTask.release.xcconfig"; sourceTree = "<group>"; };
		A236880132343DA2EB69F577 /* Pods-CashBackForceTestTask.debug.xcconfig */ = {isa = PBXFileReference; includeInIndex = 1; lastKnownFileType = text.xcconfig; name = "Pods-CashBackForceTestTask.debug.xcconfig"; path = "Target Support Files/Pods-CashBackForceTestTask/Pods-CashBackForceTestTask.debug.xcconfig"; sourceTree = "<group>"; };
/* End PBXFileReference section */

/* Begin PBXFrameworksBuildPhase section */
		7BFFA68D25D6A44400C35652 /* Frameworks */ = {
			isa = PBXFrameworksBuildPhase;
			buildActionMask = 2147483647;
			files = (
				636B4704EC6F19582C5DDF62 /* Pods_CashBackForceTestTask.framework in Frameworks */,
			);
			runOnlyForDeploymentPostprocessing = 0;
		};
/* End PBXFrameworksBuildPhase section */

/* Begin PBXGroup section */
		0955E56F0D6F309A111EDC62 /* Pods */ = {
			isa = PBXGroup;
			children = (
				A236880132343DA2EB69F577 /* Pods-CashBackForceTestTask.debug.xcconfig */,
				9942A19A72FB1BBF9918740A /* Pods-CashBackForceTestTask.release.xcconfig */,
			);
			path = Pods;
			sourceTree = "<group>";
		};
		7BE0D7F925D6E66D00FFB73F /* Services */ = {
			isa = PBXGroup;
			children = (
				7BE0D7FA25D6E68500FFB73F /* NetworkService */,
			);
			path = Services;
			sourceTree = "<group>";
		};
		7BE0D7FA25D6E68500FFB73F /* NetworkService */ = {
			isa = PBXGroup;
			children = (
				7BE0D7FB25D6E6A700FFB73F /* NetworkDataFetcher.swift */,
				7BE0D80225D6E82D00FFB73F /* Resource.swift */,
			);
			path = NetworkService;
			sourceTree = "<group>";
		};
		7BE0D80825D6ED1D00FFB73F /* Models */ = {
			isa = PBXGroup;
			children = (
				7BE0D80525D6ED0C00FFB73F /* PhotoResponse.swift */,
				7BE0D80A25D6EE8300FFB73F /* PhotoViewModel.swift */,
			);
			path = Models;
			sourceTree = "<group>";
		};
		7BE0D81025D6EF1000FFB73F /* Extensions */ = {
			isa = PBXGroup;
			children = (
				7BE0D80D25D6EEF000FFB73F /* UIImageView+Extension.swift */,
			);
			path = Extensions;
			sourceTree = "<group>";
		};
		7BFFA68725D6A44400C35652 = {
			isa = PBXGroup;
			children = (
				7BFFA69225D6A44400C35652 /* CashBackForceTestTask */,
				7BFFA69125D6A44400C35652 /* Products */,
				0955E56F0D6F309A111EDC62 /* Pods */,
				CBC18B3757E9804C89363D45 /* Frameworks */,
			);
			sourceTree = "<group>";
		};
		7BFFA69125D6A44400C35652 /* Products */ = {
			isa = PBXGroup;
			children = (
				7BFFA69025D6A44400C35652 /* CashBackForceTestTask.app */,
			);
			name = Products;
			sourceTree = "<group>";
		};
		7BFFA69225D6A44400C35652 /* CashBackForceTestTask */ = {
			isa = PBXGroup;
			children = (
				7BFFA6C425D6BBEA00C35652 /* App Lifecycle */,
				7BFFA6AE25D6A49700C35652 /* Main Module */,
				7BFFA6C625D6BBFA00C35652 /* DetailModule */,
				7BE0D80825D6ED1D00FFB73F /* Models */,
				7BE0D7F925D6E66D00FFB73F /* Services */,
				7BE0D81025D6EF1000FFB73F /* Extensions */,
				7BFFA69925D6A44400C35652 /* Main.storyboard */,
				7BFFA69F25D6A44600C35652 /* Assets.xcassets */,
				7BFFA6A125D6A44600C35652 /* LaunchScreen.storyboard */,
				7BFFA6A425D6A44600C35652 /* Info.plist */,
				7BFFA69C25D6A44400C35652 /* CashBackForceTestTask.xcdatamodeld */,
			);
			path = CashBackForceTestTask;
			sourceTree = "<group>";
		};
		7BFFA6AE25D6A49700C35652 /* Main Module */ = {
			isa = PBXGroup;
			children = (
				7BFFA6B025D6A4AB00C35652 /* View */,
				7BFFA6B925D6A5BB00C35652 /* MainConfigurator.swift */,
				7BFFA6B625D6A57200C35652 /* MainPresenter.swift */,
				7BFFA6BC25D6A69000C35652 /* MainInteractor.swift */,
				7BFFA6C025D6A88000C35652 /* MainRouter.swift */,
			);
			path = "Main Module";
			sourceTree = "<group>";
		};
		7BFFA6B025D6A4AB00C35652 /* View */ = {
			isa = PBXGroup;
			children = (
				7BFFA69725D6A44400C35652 /* MainViewController.swift */,
				7B0BC72B25D6D7760034664D /* MainTableViewCell.swift */,
			);
			path = View;
			sourceTree = "<group>";
		};
		7BFFA6C425D6BBEA00C35652 /* App Lifecycle */ = {
			isa = PBXGroup;
			children = (
				7BFFA69325D6A44400C35652 /* AppDelegate.swift */,
				7BFFA69525D6A44400C35652 /* SceneDelegate.swift */,
			);
			path = "App Lifecycle";
			sourceTree = "<group>";
		};
		7BFFA6C625D6BBFA00C35652 /* DetailModule */ = {
			isa = PBXGroup;
			children = (
				7BFFA6C725D6BC3600C35652 /* DetailViewController.swift */,
				7BFFA6CB25D6BC4700C35652 /* DetailPresenter.swift */,
				7BFFA6CE25D6BC5A00C35652 /* DetailInteractor.swift */,
				7BFFA6D125D6BC6900C35652 /* DetailRouter.swift */,
				7BFFA6D425D6BC8000C35652 /* DetailConfigurator.swift */,
			);
			path = DetailModule;
			sourceTree = "<group>";
		};
		CBC18B3757E9804C89363D45 /* Frameworks */ = {
			isa = PBXGroup;
			children = (
				0920775A39E4489F7F1238EB /* Pods_CashBackForceTestTask.framework */,
			);
			name = Frameworks;
			sourceTree = "<group>";
		};
/* End PBXGroup section */

/* Begin PBXNativeTarget section */
		7BFFA68F25D6A44400C35652 /* CashBackForceTestTask */ = {
			isa = PBXNativeTarget;
			buildConfigurationList = 7BFFA6A725D6A44600C35652 /* Build configuration list for PBXNativeTarget "CashBackForceTestTask" */;
			buildPhases = (
				AFA678956A1F04D0C8906544 /* [CP] Check Pods Manifest.lock */,
				7BFFA68C25D6A44400C35652 /* Sources */,
				7BFFA68D25D6A44400C35652 /* Frameworks */,
				7BFFA68E25D6A44400C35652 /* Resources */,
				C2B8BA03E2B3316A9515AA29 /* [CP] Embed Pods Frameworks */,
			);
			buildRules = (
			);
			dependencies = (
			);
			name = CashBackForceTestTask;
			productName = CashBackForceTestTask;
			productReference = 7BFFA69025D6A44400C35652 /* CashBackForceTestTask.app */;
			productType = "com.apple.product-type.application";
		};
/* End PBXNativeTarget section */

/* Begin PBXProject section */
		7BFFA68825D6A44400C35652 /* Project object */ = {
			isa = PBXProject;
			attributes = {
				LastSwiftUpdateCheck = 1240;
				LastUpgradeCheck = 1240;
				TargetAttributes = {
					7BFFA68F25D6A44400C35652 = {
						CreatedOnToolsVersion = 12.4;
					};
				};
			};
			buildConfigurationList = 7BFFA68B25D6A44400C35652 /* Build configuration list for PBXProject "CashBackForceTestTask" */;
			compatibilityVersion = "Xcode 9.3";
			developmentRegion = en;
			hasScannedForEncodings = 0;
			knownRegions = (
				en,
				Base,
			);
			mainGroup = 7BFFA68725D6A44400C35652;
			productRefGroup = 7BFFA69125D6A44400C35652 /* Products */;
			projectDirPath = "";
			projectRoot = "";
			targets = (
				7BFFA68F25D6A44400C35652 /* CashBackForceTestTask */,
			);
		};
/* End PBXProject section */

/* Begin PBXResourcesBuildPhase section */
		7BFFA68E25D6A44400C35652 /* Resources */ = {
			isa = PBXResourcesBuildPhase;
			buildActionMask = 2147483647;
			files = (
				7BFFA6A325D6A44600C35652 /* LaunchScreen.storyboard in Resources */,
				7BFFA6A025D6A44600C35652 /* Assets.xcassets in Resources */,
				7BFFA69B25D6A44400C35652 /* Main.storyboard in Resources */,
			);
			runOnlyForDeploymentPostprocessing = 0;
		};
/* End PBXResourcesBuildPhase section */

/* Begin PBXShellScriptBuildPhase section */
		AFA678956A1F04D0C8906544 /* [CP] Check Pods Manifest.lock */ = {
			isa = PBXShellScriptBuildPhase;
			buildActionMask = 2147483647;
			files = (
			);
			inputFileListPaths = (
			);
			inputPaths = (
				"${PODS_PODFILE_DIR_PATH}/Podfile.lock",
				"${PODS_ROOT}/Manifest.lock",
			);
			name = "[CP] Check Pods Manifest.lock";
			outputFileListPaths = (
			);
			outputPaths = (
				"$(DERIVED_FILE_DIR)/Pods-CashBackForceTestTask-checkManifestLockResult.txt",
			);
			runOnlyForDeploymentPostprocessing = 0;
			shellPath = /bin/sh;
			shellScript = "diff \"${PODS_PODFILE_DIR_PATH}/Podfile.lock\" \"${PODS_ROOT}/Manifest.lock\" > /dev/null\nif [ $? != 0 ] ; then\n    # print error to STDERR\n    echo \"error: The sandbox is not in sync with the Podfile.lock. Run 'pod install' or update your CocoaPods installation.\" >&2\n    exit 1\nfi\n# This output is used by Xcode 'outputs' to avoid re-running this script phase.\necho \"SUCCESS\" > \"${SCRIPT_OUTPUT_FILE_0}\"\n";
			showEnvVarsInLog = 0;
		};
		C2B8BA03E2B3316A9515AA29 /* [CP] Embed Pods Frameworks */ = {
			isa = PBXShellScriptBuildPhase;
			buildActionMask = 2147483647;
			files = (
			);
			inputFileListPaths = (
				"${PODS_ROOT}/Target Support Files/Pods-CashBackForceTestTask/Pods-CashBackForceTestTask-frameworks-${CONFIGURATION}-input-files.xcfilelist",
			);
			name = "[CP] Embed Pods Frameworks";
			outputFileListPaths = (
				"${PODS_ROOT}/Target Support Files/Pods-CashBackForceTestTask/Pods-CashBackForceTestTask-frameworks-${CONFIGURATION}-output-files.xcfilelist",
			);
			runOnlyForDeploymentPostprocessing = 0;
			shellPath = /bin/sh;
			shellScript = "\"${PODS_ROOT}/Target Support Files/Pods-CashBackForceTestTask/Pods-CashBackForceTestTask-frameworks.sh\"\n";
			showEnvVarsInLog = 0;
		};
/* End PBXShellScriptBuildPhase section */

/* Begin PBXSourcesBuildPhase section */
		7BFFA68C25D6A44400C35652 /* Sources */ = {
			isa = PBXSourcesBuildPhase;
			buildActionMask = 2147483647;
			files = (
				7BFFA6D525D6BC8000C35652 /* DetailConfigurator.swift in Sources */,
				7BE0D80325D6E82D00FFB73F /* Resource.swift in Sources */,
				7BFFA6C825D6BC3600C35652 /* DetailViewController.swift in Sources */,
				7BFFA6CF25D6BC5A00C35652 /* DetailInteractor.swift in Sources */,
				7BFFA69E25D6A44400C35652 /* CashBackForceTestTask.xcdatamodeld in Sources */,
				7BFFA6C125D6A88000C35652 /* MainRouter.swift in Sources */,
				7BFFA6CC25D6BC4700C35652 /* DetailPresenter.swift in Sources */,
				7BE0D80625D6ED0C00FFB73F /* PhotoResponse.swift in Sources */,
				7BFFA6B725D6A57200C35652 /* MainPresenter.swift in Sources */,
				7BFFA69825D6A44400C35652 /* MainViewController.swift in Sources */,
				7BFFA69425D6A44400C35652 /* AppDelegate.swift in Sources */,
				7BE0D7FC25D6E6A700FFB73F /* NetworkDataFetcher.swift in Sources */,
				7BFFA69625D6A44400C35652 /* SceneDelegate.swift in Sources */,
				7BE0D80B25D6EE8300FFB73F /* PhotoViewModel.swift in Sources */,
				7B0BC72C25D6D7760034664D /* MainTableViewCell.swift in Sources */,
				7BFFA6D225D6BC6900C35652 /* DetailRouter.swift in Sources */,
				7BE0D80E25D6EEF000FFB73F /* UIImageView+Extension.swift in Sources */,
				7BFFA6BD25D6A69000C35652 /* MainInteractor.swift in Sources */,
				7BFFA6BA25D6A5BB00C35652 /* MainConfigurator.swift in Sources */,
			);
			runOnlyForDeploymentPostprocessing = 0;
		};
/* End PBXSourcesBuildPhase section */

/* Begin PBXVariantGroup section */
		7BFFA69925D6A44400C35652 /* Main.storyboard */ = {
			isa = PBXVariantGroup;
			children = (
				7BFFA69A25D6A44400C35652 /* Base */,
			);
			name = Main.storyboard;
			sourceTree = "<group>";
		};
		7BFFA6A125D6A44600C35652 /* LaunchScreen.storyboard */ = {
			isa = PBXVariantGroup;
			children = (
				7BFFA6A225D6A44600C35652 /* Base */,
			);
			name = LaunchScreen.storyboard;
			sourceTree = "<group>";
		};
/* End PBXVariantGroup section */

/* Begin XCBuildConfiguration section */
		7BFFA6A525D6A44600C35652 /* Debug */ = {
			isa = XCBuildConfiguration;
			buildSettings = {
				ALWAYS_SEARCH_USER_PATHS = NO;
				CLANG_ANALYZER_NONNULL = YES;
				CLANG_ANALYZER_NUMBER_OBJECT_CONVERSION = YES_AGGRESSIVE;
				CLANG_CXX_LANGUAGE_STANDARD = "gnu++14";
				CLANG_CXX_LIBRARY = "libc++";
				CLANG_ENABLE_MODULES = YES;
				CLANG_ENABLE_OBJC_ARC = YES;
				CLANG_ENABLE_OBJC_WEAK = YES;
				CLANG_WARN_BLOCK_CAPTURE_AUTORELEASING = YES;
				CLANG_WARN_BOOL_CONVERSION = YES;
				CLANG_WARN_COMMA = YES;
				CLANG_WARN_CONSTANT_CONVERSION = YES;
				CLANG_WARN_DEPRECATED_OBJC_IMPLEMENTATIONS = YES;
				CLANG_WARN_DIRECT_OBJC_ISA_USAGE = YES_ERROR;
				CLANG_WARN_DOCUMENTATION_COMMENTS = YES;
				CLANG_WARN_EMPTY_BODY = YES;
				CLANG_WARN_ENUM_CONVERSION = YES;
				CLANG_WARN_INFINITE_RECURSION = YES;
				CLANG_WARN_INT_CONVERSION = YES;
				CLANG_WARN_NON_LITERAL_NULL_CONVERSION = YES;
				CLANG_WARN_OBJC_IMPLICIT_RETAIN_SELF = YES;
				CLANG_WARN_OBJC_LITERAL_CONVERSION = YES;
				CLANG_WARN_OBJC_ROOT_CLASS = YES_ERROR;
				CLANG_WARN_QUOTED_INCLUDE_IN_FRAMEWORK_HEADER = YES;
				CLANG_WARN_RANGE_LOOP_ANALYSIS = YES;
				CLANG_WARN_STRICT_PROTOTYPES = YES;
				CLANG_WARN_SUSPICIOUS_MOVE = YES;
				CLANG_WARN_UNGUARDED_AVAILABILITY = YES_AGGRESSIVE;
				CLANG_WARN_UNREACHABLE_CODE = YES;
				CLANG_WARN__DUPLICATE_METHOD_MATCH = YES;
				COPY_PHASE_STRIP = NO;
				DEBUG_INFORMATION_FORMAT = dwarf;
				ENABLE_STRICT_OBJC_MSGSEND = YES;
				ENABLE_TESTABILITY = YES;
				GCC_C_LANGUAGE_STANDARD = gnu11;
				GCC_DYNAMIC_NO_PIC = NO;
				GCC_NO_COMMON_BLOCKS = YES;
				GCC_OPTIMIZATION_LEVEL = 0;
				GCC_PREPROCESSOR_DEFINITIONS = (
					"DEBUG=1",
					"$(inherited)",
				);
				GCC_WARN_64_TO_32_BIT_CONVERSION = YES;
				GCC_WARN_ABOUT_RETURN_TYPE = YES_ERROR;
				GCC_WARN_UNDECLARED_SELECTOR = YES;
				GCC_WARN_UNINITIALIZED_AUTOS = YES_AGGRESSIVE;
				GCC_WARN_UNUSED_FUNCTION = YES;
				GCC_WARN_UNUSED_VARIABLE = YES;
				IPHONEOS_DEPLOYMENT_TARGET = 14.4;
				MTL_ENABLE_DEBUG_INFO = INCLUDE_SOURCE;
				MTL_FAST_MATH = YES;
				ONLY_ACTIVE_ARCH = YES;
				SDKROOT = iphoneos;
				SWIFT_ACTIVE_COMPILATION_CONDITIONS = DEBUG;
				SWIFT_OPTIMIZATION_LEVEL = "-Onone";
			};
			name = Debug;
		};
		7BFFA6A625D6A44600C35652 /* Release */ = {
			isa = XCBuildConfiguration;
			buildSettings = {
				ALWAYS_SEARCH_USER_PATHS = NO;
				CLANG_ANALYZER_NONNULL = YES;
				CLANG_ANALYZER_NUMBER_OBJECT_CONVERSION = YES_AGGRESSIVE;
				CLANG_CXX_LANGUAGE_STANDARD = "gnu++14";
				CLANG_CXX_LIBRARY = "libc++";
				CLANG_ENABLE_MODULES = YES;
				CLANG_ENABLE_OBJC_ARC = YES;
				CLANG_ENABLE_OBJC_WEAK = YES;
				CLANG_WARN_BLOCK_CAPTURE_AUTORELEASING = YES;
				CLANG_WARN_BOOL_CONVERSION = YES;
				CLANG_WARN_COMMA = YES;
				CLANG_WARN_CONSTANT_CONVERSION = YES;
				CLANG_WARN_DEPRECATED_OBJC_IMPLEMENTATIONS = YES;
				CLANG_WARN_DIRECT_OBJC_ISA_USAGE = YES_ERROR;
				CLANG_WARN_DOCUMENTATION_COMMENTS = YES;
				CLANG_WARN_EMPTY_BODY = YES;
				CLANG_WARN_ENUM_CONVERSION = YES;
				CLANG_WARN_INFINITE_RECURSION = YES;
				CLANG_WARN_INT_CONVERSION = YES;
				CLANG_WARN_NON_LITERAL_NULL_CONVERSION = YES;
				CLANG_WARN_OBJC_IMPLICIT_RETAIN_SELF = YES;
				CLANG_WARN_OBJC_LITERAL_CONVERSION = YES;
				CLANG_WARN_OBJC_ROOT_CLASS = YES_ERROR;
				CLANG_WARN_QUOTED_INCLUDE_IN_FRAMEWORK_HEADER = YES;
				CLANG_WARN_RANGE_LOOP_ANALYSIS = YES;
				CLANG_WARN_STRICT_PROTOTYPES = YES;
				CLANG_WARN_SUSPICIOUS_MOVE = YES;
				CLANG_WARN_UNGUARDED_AVAILABILITY = YES_AGGRESSIVE;
				CLANG_WARN_UNREACHABLE_CODE = YES;
				CLANG_WARN__DUPLICATE_METHOD_MATCH = YES;
				COPY_PHASE_STRIP = NO;
				DEBUG_INFORMATION_FORMAT = "dwarf-with-dsym";
				ENABLE_NS_ASSERTIONS = NO;
				ENABLE_STRICT_OBJC_MSGSEND = YES;
				GCC_C_LANGUAGE_STANDARD = gnu11;
				GCC_NO_COMMON_BLOCKS = YES;
				GCC_WARN_64_TO_32_BIT_CONVERSION = YES;
				GCC_WARN_ABOUT_RETURN_TYPE = YES_ERROR;
				GCC_WARN_UNDECLARED_SELECTOR = YES;
				GCC_WARN_UNINITIALIZED_AUTOS = YES_AGGRESSIVE;
				GCC_WARN_UNUSED_FUNCTION = YES;
				GCC_WARN_UNUSED_VARIABLE = YES;
				IPHONEOS_DEPLOYMENT_TARGET = 14.4;
				MTL_ENABLE_DEBUG_INFO = NO;
				MTL_FAST_MATH = YES;
				SDKROOT = iphoneos;
				SWIFT_COMPILATION_MODE = wholemodule;
				SWIFT_OPTIMIZATION_LEVEL = "-O";
				VALIDATE_PRODUCT = YES;
			};
			name = Release;
		};
		7BFFA6A825D6A44600C35652 /* Debug */ = {
			isa = XCBuildConfiguration;
			baseConfigurationReference = A236880132343DA2EB69F577 /* Pods-CashBackForceTestTask.debug.xcconfig */;
			buildSettings = {
				ASSETCATALOG_COMPILER_APPICON_NAME = AppIcon;
				ASSETCATALOG_COMPILER_GLOBAL_ACCENT_COLOR_NAME = AccentColor;
				CODE_SIGN_STYLE = Automatic;
				DEVELOPMENT_TEAM = 98379XS7GB;
				INFOPLIST_FILE = CashBackForceTestTask/Info.plist;
				LD_RUNPATH_SEARCH_PATHS = (
					"$(inherited)",
					"@executable_path/Frameworks",
				);
				PRODUCT_BUNDLE_IDENTIFIER = ru.skillbox.CashBackForceTestTask;
				PRODUCT_NAME = "$(TARGET_NAME)";
				SWIFT_VERSION = 5.0;
				TARGETED_DEVICE_FAMILY = 1;
			};
			name = Debug;
		};
		7BFFA6A925D6A44600C35652 /* Release */ = {
			isa = XCBuildConfiguration;
			baseConfigurationReference = 9942A19A72FB1BBF9918740A /* Pods-CashBackForceTestTask.release.xcconfig */;
			buildSettings = {
				ASSETCATALOG_COMPILER_APPICON_NAME = AppIcon;
				ASSETCATALOG_COMPILER_GLOBAL_ACCENT_COLOR_NAME = AccentColor;
				CODE_SIGN_STYLE = Automatic;
				DEVELOPMENT_TEAM = 98379XS7GB;
				INFOPLIST_FILE = CashBackForceTestTask/Info.plist;
				LD_RUNPATH_SEARCH_PATHS = (
					"$(inherited)",
					"@executable_path/Frameworks",
				);
				PRODUCT_BUNDLE_IDENTIFIER = ru.skillbox.CashBackForceTestTask;
				PRODUCT_NAME = "$(TARGET_NAME)";
				SWIFT_VERSION = 5.0;
				TARGETED_DEVICE_FAMILY = 1;
			};
			name = Release;
		};
/* End XCBuildConfiguration section */

/* Begin XCConfigurationList section */
		7BFFA68B25D6A44400C35652 /* Build configuration list for PBXProject "CashBackForceTestTask" */ = {
			isa = XCConfigurationList;
			buildConfigurations = (
				7BFFA6A525D6A44600C35652 /* Debug */,
				7BFFA6A625D6A44600C35652 /* Release */,
			);
			defaultConfigurationIsVisible = 0;
			defaultConfigurationName = Release;
		};
		7BFFA6A725D6A44600C35652 /* Build configuration list for PBXNativeTarget "CashBackForceTestTask" */ = {
			isa = XCConfigurationList;
			buildConfigurations = (
				7BFFA6A825D6A44600C35652 /* Debug */,
				7BFFA6A925D6A44600C35652 /* Release */,
			);
			defaultConfigurationIsVisible = 0;
			defaultConfigurationName = Release;
		};
/* End XCConfigurationList section */

/* Begin XCVersionGroup section */
		7BFFA69C25D6A44400C35652 /* CashBackForceTestTask.xcdatamodeld */ = {
			isa = XCVersionGroup;
			children = (
				7BFFA69D25D6A44400C35652 /* CashBackForceTestTask.xcdatamodel */,
			);
			currentVersion = 7BFFA69D25D6A44400C35652 /* CashBackForceTestTask.xcdatamodel */;
			path = CashBackForceTestTask.xcdatamodeld;
			sourceTree = "<group>";
			versionGroupType = wrapper.xcdatamodel;
		};
/* End XCVersionGroup section */
	};
	rootObject = 7BFFA68825D6A44400C35652 /* Project object */;
}
